// !$*UTF8*$!
{
	archiveVersion = 1;
	classes = {
	};
	objectVersion = 56;
	objects = {

/* Begin PBXBuildFile section */
		01DF3A6E2F8F95B250F6864E /* Pods_BTCApp.framework in Frameworks */ = {isa = PBXBuildFile; fileRef = 4B0135C4A2431A965AD40412 /* Pods_BTCApp.framework */; };
		A30A8E8049AD959180FD3003 /* Pods_BTCAppTests.framework in Frameworks */ = {isa = PBXBuildFile; fileRef = C3D7D38E4C59A6A642883597 /* Pods_BTCAppTests.framework */; };
		D970AD6E2A2DA6D00054519E /* AppDelegate.swift in Sources */ = {isa = PBXBuildFile; fileRef = D970AD6D2A2DA6D00054519E /* AppDelegate.swift */; };
		D970AD702A2DA6D00054519E /* SceneDelegate.swift in Sources */ = {isa = PBXBuildFile; fileRef = D970AD6F2A2DA6D00054519E /* SceneDelegate.swift */; };
		D970AD722A2DA6D00054519E /* BtcViewController.swift in Sources */ = {isa = PBXBuildFile; fileRef = D970AD712A2DA6D00054519E /* BtcViewController.swift */; };
		D970AD752A2DA6D00054519E /* Main.storyboard in Resources */ = {isa = PBXBuildFile; fileRef = D970AD732A2DA6D00054519E /* Main.storyboard */; };
		D970AD772A2DA6D00054519E /* Assets.xcassets in Resources */ = {isa = PBXBuildFile; fileRef = D970AD762A2DA6D00054519E /* Assets.xcassets */; };
		D970AD7A2A2DA6D00054519E /* LaunchScreen.storyboard in Resources */ = {isa = PBXBuildFile; fileRef = D970AD782A2DA6D00054519E /* LaunchScreen.storyboard */; };
		D970AD852A2DA6D00054519E /* BTCAppTests.swift in Sources */ = {isa = PBXBuildFile; fileRef = D970AD842A2DA6D00054519E /* BTCAppTests.swift */; };
		D970AD8F2A2DA6D00054519E /* BTCAppUITests.swift in Sources */ = {isa = PBXBuildFile; fileRef = D970AD8E2A2DA6D00054519E /* BTCAppUITests.swift */; };
		D970AD912A2DA6D00054519E /* BTCAppUITestsLaunchTests.swift in Sources */ = {isa = PBXBuildFile; fileRef = D970AD902A2DA6D00054519E /* BTCAppUITestsLaunchTests.swift */; };
		D970ADA02A2DAF260054519E /* BtcViewModel.swift in Sources */ = {isa = PBXBuildFile; fileRef = D970AD9F2A2DAF260054519E /* BtcViewModel.swift */; };
		D970ADA32A2DDD840054519E /* HistoryCurrencyViewController.swift in Sources */ = {isa = PBXBuildFile; fileRef = D970ADA22A2DDD840054519E /* HistoryCurrencyViewController.swift */; };
		D970ADA52A2DDD980054519E /* HistoryCurrencyViewModel.swift in Sources */ = {isa = PBXBuildFile; fileRef = D970ADA42A2DDD980054519E /* HistoryCurrencyViewModel.swift */; };
		D970ADA72A2DDDAC0054519E /* HistoryCurrency.storyboard in Resources */ = {isa = PBXBuildFile; fileRef = D970ADA62A2DDDAC0054519E /* HistoryCurrency.storyboard */; };
		D970ADA92A2DDDCB0054519E /* Btc.storyboard in Resources */ = {isa = PBXBuildFile; fileRef = D970ADA82A2DDDCB0054519E /* Btc.storyboard */; };
		D970ADAD2A2E364F0054519E /* HistoryCurrencyTableViewCell.swift in Sources */ = {isa = PBXBuildFile; fileRef = D970ADAB2A2E364F0054519E /* HistoryCurrencyTableViewCell.swift */; };
		D970ADAE2A2E364F0054519E /* HistoryCurrencyTableViewCell.xib in Resources */ = {isa = PBXBuildFile; fileRef = D970ADAC2A2E364F0054519E /* HistoryCurrencyTableViewCell.xib */; };
		F2ACD59E551430A0990D9D1F /* Pods_BTCApp_BTCAppUITests.framework in Frameworks */ = {isa = PBXBuildFile; fileRef = 1D8A6875A71295F5B96145C8 /* Pods_BTCApp_BTCAppUITests.framework */; };
/* End PBXBuildFile section */

/* Begin PBXContainerItemProxy section */
		D970AD812A2DA6D00054519E /* PBXContainerItemProxy */ = {
			isa = PBXContainerItemProxy;
			containerPortal = D970AD622A2DA6D00054519E /* Project object */;
			proxyType = 1;
			remoteGlobalIDString = D970AD692A2DA6D00054519E;
			remoteInfo = BTCApp;
		};
		D970AD8B2A2DA6D00054519E /* PBXContainerItemProxy */ = {
			isa = PBXContainerItemProxy;
			containerPortal = D970AD622A2DA6D00054519E /* Project object */;
			proxyType = 1;
			remoteGlobalIDString = D970AD692A2DA6D00054519E;
			remoteInfo = BTCApp;
		};
/* End PBXContainerItemProxy section */

/* Begin PBXFileReference section */
		0FCE5D81D7DD1DA52D71538A /* Pods-BTCApp.release.xcconfig */ = {isa = PBXFileReference; includeInIndex = 1; lastKnownFileType = text.xcconfig; name = "Pods-BTCApp.release.xcconfig"; path = "Target Support Files/Pods-BTCApp/Pods-BTCApp.release.xcconfig"; sourceTree = "<group>"; };
		1D8A6875A71295F5B96145C8 /* Pods_BTCApp_BTCAppUITests.framework */ = {isa = PBXFileReference; explicitFileType = wrapper.framework; includeInIndex = 0; path = Pods_BTCApp_BTCAppUITests.framework; sourceTree = BUILT_PRODUCTS_DIR; };
		3BE545CF10A4AE9C56BAB1B9 /* Pods-BTCApp.debug.xcconfig */ = {isa = PBXFileReference; includeInIndex = 1; lastKnownFileType = text.xcconfig; name = "Pods-BTCApp.debug.xcconfig"; path = "Target Support Files/Pods-BTCApp/Pods-BTCApp.debug.xcconfig"; sourceTree = "<group>"; };
		3DAC00E2214A656A5AD5D60A /* Pods-BTCAppTests.debug.xcconfig */ = {isa = PBXFileReference; includeInIndex = 1; lastKnownFileType = text.xcconfig; name = "Pods-BTCAppTests.debug.xcconfig"; path = "Target Support Files/Pods-BTCAppTests/Pods-BTCAppTests.debug.xcconfig"; sourceTree = "<group>"; };
		447AC6E01729765534B5D51E /* Pods-BTCAppTests.release.xcconfig */ = {isa = PBXFileReference; includeInIndex = 1; lastKnownFileType = text.xcconfig; name = "Pods-BTCAppTests.release.xcconfig"; path = "Target Support Files/Pods-BTCAppTests/Pods-BTCAppTests.release.xcconfig"; sourceTree = "<group>"; };
		4B0135C4A2431A965AD40412 /* Pods_BTCApp.framework */ = {isa = PBXFileReference; explicitFileType = wrapper.framework; includeInIndex = 0; path = Pods_BTCApp.framework; sourceTree = BUILT_PRODUCTS_DIR; };
		4E2E4B587318B1F03CE0A77F /* Pods-BTCApp-BTCAppUITests.debug.xcconfig */ = {isa = PBXFileReference; includeInIndex = 1; lastKnownFileType = text.xcconfig; name = "Pods-BTCApp-BTCAppUITests.debug.xcconfig"; path = "Target Support Files/Pods-BTCApp-BTCAppUITests/Pods-BTCApp-BTCAppUITests.debug.xcconfig"; sourceTree = "<group>"; };
		C3D7D38E4C59A6A642883597 /* Pods_BTCAppTests.framework */ = {isa = PBXFileReference; explicitFileType = wrapper.framework; includeInIndex = 0; path = Pods_BTCAppTests.framework; sourceTree = BUILT_PRODUCTS_DIR; };
		D970AD6A2A2DA6D00054519E /* BTCApp.app */ = {isa = PBXFileReference; explicitFileType = wrapper.application; includeInIndex = 0; path = BTCApp.app; sourceTree = BUILT_PRODUCTS_DIR; };
		D970AD6D2A2DA6D00054519E /* AppDelegate.swift */ = {isa = PBXFileReference; lastKnownFileType = sourcecode.swift; path = AppDelegate.swift; sourceTree = "<group>"; };
		D970AD6F2A2DA6D00054519E /* SceneDelegate.swift */ = {isa = PBXFileReference; lastKnownFileType = sourcecode.swift; path = SceneDelegate.swift; sourceTree = "<group>"; };
		D970AD712A2DA6D00054519E /* BtcViewController.swift */ = {isa = PBXFileReference; lastKnownFileType = sourcecode.swift; path = BtcViewController.swift; sourceTree = "<group>"; };
		D970AD742A2DA6D00054519E /* Base */ = {isa = PBXFileReference; lastKnownFileType = file.storyboard; name = Base; path = Base.lproj/Main.storyboard; sourceTree = "<group>"; };
		D970AD762A2DA6D00054519E /* Assets.xcassets */ = {isa = PBXFileReference; lastKnownFileType = folder.assetcatalog; path = Assets.xcassets; sourceTree = "<group>"; };
		D970AD792A2DA6D00054519E /* Base */ = {isa = PBXFileReference; lastKnownFileType = file.storyboard; name = Base; path = Base.lproj/LaunchScreen.storyboard; sourceTree = "<group>"; };
		D970AD7B2A2DA6D00054519E /* Info.plist */ = {isa = PBXFileReference; lastKnownFileType = text.plist.xml; path = Info.plist; sourceTree = "<group>"; };
		D970AD802A2DA6D00054519E /* BTCAppTests.xctest */ = {isa = PBXFileReference; explicitFileType = wrapper.cfbundle; includeInIndex = 0; path = BTCAppTests.xctest; sourceTree = BUILT_PRODUCTS_DIR; };
		D970AD842A2DA6D00054519E /* BTCAppTests.swift */ = {isa = PBXFileReference; lastKnownFileType = sourcecode.swift; path = BTCAppTests.swift; sourceTree = "<group>"; };
		D970AD8A2A2DA6D00054519E /* BTCAppUITests.xctest */ = {isa = PBXFileReference; explicitFileType = wrapper.cfbundle; includeInIndex = 0; path = BTCAppUITests.xctest; sourceTree = BUILT_PRODUCTS_DIR; };
		D970AD8E2A2DA6D00054519E /* BTCAppUITests.swift */ = {isa = PBXFileReference; lastKnownFileType = sourcecode.swift; path = BTCAppUITests.swift; sourceTree = "<group>"; };
		D970AD902A2DA6D00054519E /* BTCAppUITestsLaunchTests.swift */ = {isa = PBXFileReference; lastKnownFileType = sourcecode.swift; path = BTCAppUITestsLaunchTests.swift; sourceTree = "<group>"; };
		D970AD9F2A2DAF260054519E /* BtcViewModel.swift */ = {isa = PBXFileReference; lastKnownFileType = sourcecode.swift; path = BtcViewModel.swift; sourceTree = "<group>"; };
		D970ADA22A2DDD840054519E /* HistoryCurrencyViewController.swift */ = {isa = PBXFileReference; lastKnownFileType = sourcecode.swift; path = HistoryCurrencyViewController.swift; sourceTree = "<group>"; };
		D970ADA42A2DDD980054519E /* HistoryCurrencyViewModel.swift */ = {isa = PBXFileReference; lastKnownFileType = sourcecode.swift; path = HistoryCurrencyViewModel.swift; sourceTree = "<group>"; };
		D970ADA62A2DDDAC0054519E /* HistoryCurrency.storyboard */ = {isa = PBXFileReference; lastKnownFileType = file.storyboard; path = HistoryCurrency.storyboard; sourceTree = "<group>"; };
		D970ADA82A2DDDCB0054519E /* Btc.storyboard */ = {isa = PBXFileReference; lastKnownFileType = file.storyboard; path = Btc.storyboard; sourceTree = "<group>"; };
		D970ADAB2A2E364F0054519E /* HistoryCurrencyTableViewCell.swift */ = {isa = PBXFileReference; lastKnownFileType = sourcecode.swift; path = HistoryCurrencyTableViewCell.swift; sourceTree = "<group>"; };
		D970ADAC2A2E364F0054519E /* HistoryCurrencyTableViewCell.xib */ = {isa = PBXFileReference; lastKnownFileType = file.xib; path = HistoryCurrencyTableViewCell.xib; sourceTree = "<group>"; };
		F61CFE78433C0149FA792D47 /* Pods-BTCApp-BTCAppUITests.release.xcconfig */ = {isa = PBXFileReference; includeInIndex = 1; lastKnownFileType = text.xcconfig; name = "Pods-BTCApp-BTCAppUITests.release.xcconfig"; path = "Target Support Files/Pods-BTCApp-BTCAppUITests/Pods-BTCApp-BTCAppUITests.release.xcconfig"; sourceTree = "<group>"; };
/* End PBXFileReference section */

/* Begin PBXFrameworksBuildPhase section */
		D970AD672A2DA6D00054519E /* Frameworks */ = {
			isa = PBXFrameworksBuildPhase;
			buildActionMask = 2147483647;
			files = (
				01DF3A6E2F8F95B250F6864E /* Pods_BTCApp.framework in Frameworks */,
			);
			runOnlyForDeploymentPostprocessing = 0;
		};
		D970AD7D2A2DA6D00054519E /* Frameworks */ = {
			isa = PBXFrameworksBuildPhase;
			buildActionMask = 2147483647;
			files = (
				A30A8E8049AD959180FD3003 /* Pods_BTCAppTests.framework in Frameworks */,
			);
			runOnlyForDeploymentPostprocessing = 0;
		};
		D970AD872A2DA6D00054519E /* Frameworks */ = {
			isa = PBXFrameworksBuildPhase;
			buildActionMask = 2147483647;
			files = (
				F2ACD59E551430A0990D9D1F /* Pods_BTCApp_BTCAppUITests.framework in Frameworks */,
			);
			runOnlyForDeploymentPostprocessing = 0;
		};
/* End PBXFrameworksBuildPhase section */

/* Begin PBXGroup section */
		314B219CE8A39BBD5B8D048C /* Pods */ = {
			isa = PBXGroup;
			children = (
				3BE545CF10A4AE9C56BAB1B9 /* Pods-BTCApp.debug.xcconfig */,
				0FCE5D81D7DD1DA52D71538A /* Pods-BTCApp.release.xcconfig */,
				4E2E4B587318B1F03CE0A77F /* Pods-BTCApp-BTCAppUITests.debug.xcconfig */,
				F61CFE78433C0149FA792D47 /* Pods-BTCApp-BTCAppUITests.release.xcconfig */,
				3DAC00E2214A656A5AD5D60A /* Pods-BTCAppTests.debug.xcconfig */,
				447AC6E01729765534B5D51E /* Pods-BTCAppTests.release.xcconfig */,
			);
			path = Pods;
			sourceTree = "<group>";
		};
		B71BAC370ADB3E7DEB8E10D1 /* Frameworks */ = {
			isa = PBXGroup;
			children = (
				4B0135C4A2431A965AD40412 /* Pods_BTCApp.framework */,
				1D8A6875A71295F5B96145C8 /* Pods_BTCApp_BTCAppUITests.framework */,
				C3D7D38E4C59A6A642883597 /* Pods_BTCAppTests.framework */,
			);
			name = Frameworks;
			sourceTree = "<group>";
		};
		D970AD612A2DA6D00054519E = {
			isa = PBXGroup;
			children = (
				D970AD6C2A2DA6D00054519E /* BTCApp */,
				D970AD832A2DA6D00054519E /* BTCAppTests */,
				D970AD8D2A2DA6D00054519E /* BTCAppUITests */,
				D970AD6B2A2DA6D00054519E /* Products */,
				314B219CE8A39BBD5B8D048C /* Pods */,
				B71BAC370ADB3E7DEB8E10D1 /* Frameworks */,
			);
			sourceTree = "<group>";
		};
		D970AD6B2A2DA6D00054519E /* Products */ = {
			isa = PBXGroup;
			children = (
				D970AD6A2A2DA6D00054519E /* BTCApp.app */,
				D970AD802A2DA6D00054519E /* BTCAppTests.xctest */,
				D970AD8A2A2DA6D00054519E /* BTCAppUITests.xctest */,
			);
			name = Products;
			sourceTree = "<group>";
		};
		D970AD6C2A2DA6D00054519E /* BTCApp */ = {
			isa = PBXGroup;
			children = (
				D970AD9D2A2DAECE0054519E /* Modules */,
				D970AD6D2A2DA6D00054519E /* AppDelegate.swift */,
				D970AD6F2A2DA6D00054519E /* SceneDelegate.swift */,
				D970AD732A2DA6D00054519E /* Main.storyboard */,
				D970AD762A2DA6D00054519E /* Assets.xcassets */,
				D970AD782A2DA6D00054519E /* LaunchScreen.storyboard */,
				D970AD7B2A2DA6D00054519E /* Info.plist */,
			);
			path = BTCApp;
			sourceTree = "<group>";
		};
		D970AD832A2DA6D00054519E /* BTCAppTests */ = {
			isa = PBXGroup;
			children = (
				D970AD842A2DA6D00054519E /* BTCAppTests.swift */,
			);
			path = BTCAppTests;
			sourceTree = "<group>";
		};
		D970AD8D2A2DA6D00054519E /* BTCAppUITests */ = {
			isa = PBXGroup;
			children = (
				D970AD8E2A2DA6D00054519E /* BTCAppUITests.swift */,
				D970AD902A2DA6D00054519E /* BTCAppUITestsLaunchTests.swift */,
			);
			path = BTCAppUITests;
			sourceTree = "<group>";
		};
		D970AD9D2A2DAECE0054519E /* Modules */ = {
			isa = PBXGroup;
			children = (
				D970ADA12A2DDCE10054519E /* HistoryCurrency */,
				D970AD9E2A2DAF080054519E /* Currency */,
			);
			path = Modules;
			sourceTree = "<group>";
		};
		D970AD9E2A2DAF080054519E /* Currency */ = {
			isa = PBXGroup;
			children = (
				D970AD712A2DA6D00054519E /* BtcViewController.swift */,
				D970AD9F2A2DAF260054519E /* BtcViewModel.swift */,
				D970ADA82A2DDDCB0054519E /* Btc.storyboard */,
			);
			path = Currency;
			sourceTree = "<group>";
		};
		D970ADA12A2DDCE10054519E /* HistoryCurrency */ = {
			isa = PBXGroup;
			children = (
				D970ADAA2A2E35590054519E /* Cells */,
				D970ADA22A2DDD840054519E /* HistoryCurrencyViewController.swift */,
				D970ADA42A2DDD980054519E /* HistoryCurrencyViewModel.swift */,
				D970ADA62A2DDDAC0054519E /* HistoryCurrency.storyboard */,
			);
			path = HistoryCurrency;
			sourceTree = "<group>";
		};
		D970ADAA2A2E35590054519E /* Cells */ = {
			isa = PBXGroup;
			children = (
				D970ADAB2A2E364F0054519E /* HistoryCurrencyTableViewCell.swift */,
				D970ADAC2A2E364F0054519E /* HistoryCurrencyTableViewCell.xib */,
			);
			path = Cells;
			sourceTree = "<group>";
		};
/* End PBXGroup section */

/* Begin PBXNativeTarget section */
		D970AD692A2DA6D00054519E /* BTCApp */ = {
			isa = PBXNativeTarget;
			buildConfigurationList = D970AD942A2DA6D00054519E /* Build configuration list for PBXNativeTarget "BTCApp" */;
			buildPhases = (
				5409B3DC4E4C18E711CE76B5 /* [CP] Check Pods Manifest.lock */,
				D970AD662A2DA6D00054519E /* Sources */,
				D970AD672A2DA6D00054519E /* Frameworks */,
				D970AD682A2DA6D00054519E /* Resources */,
				88BE1D47E38F29F2569CD0E4 /* [CP] Embed Pods Frameworks */,
			);
			buildRules = (
			);
			dependencies = (
			);
			name = BTCApp;
			productName = BTCApp;
			productReference = D970AD6A2A2DA6D00054519E /* BTCApp.app */;
			productType = "com.apple.product-type.application";
		};
		D970AD7F2A2DA6D00054519E /* BTCAppTests */ = {
			isa = PBXNativeTarget;
			buildConfigurationList = D970AD972A2DA6D00054519E /* Build configuration list for PBXNativeTarget "BTCAppTests" */;
			buildPhases = (
				AED279C9983E2C290AEC0AF0 /* [CP] Check Pods Manifest.lock */,
				D970AD7C2A2DA6D00054519E /* Sources */,
				D970AD7D2A2DA6D00054519E /* Frameworks */,
				D970AD7E2A2DA6D00054519E /* Resources */,
			);
			buildRules = (
			);
			dependencies = (
				D970AD822A2DA6D00054519E /* PBXTargetDependency */,
			);
			name = BTCAppTests;
			productName = BTCAppTests;
			productReference = D970AD802A2DA6D00054519E /* BTCAppTests.xctest */;
			productType = "com.apple.product-type.bundle.unit-test";
		};
		D970AD892A2DA6D00054519E /* BTCAppUITests */ = {
			isa = PBXNativeTarget;
			buildConfigurationList = D970AD9A2A2DA6D00054519E /* Build configuration list for PBXNativeTarget "BTCAppUITests" */;
			buildPhases = (
				FB506EF6162F3DFCB45A71AD /* [CP] Check Pods Manifest.lock */,
				D970AD862A2DA6D00054519E /* Sources */,
				D970AD872A2DA6D00054519E /* Frameworks */,
				D970AD882A2DA6D00054519E /* Resources */,
				089583FD3E1ED391B52D68A0 /* [CP] Embed Pods Frameworks */,
			);
			buildRules = (
			);
			dependencies = (
				D970AD8C2A2DA6D00054519E /* PBXTargetDependency */,
			);
			name = BTCAppUITests;
			productName = BTCAppUITests;
			productReference = D970AD8A2A2DA6D00054519E /* BTCAppUITests.xctest */;
			productType = "com.apple.product-type.bundle.ui-testing";
		};
/* End PBXNativeTarget section */

/* Begin PBXProject section */
		D970AD622A2DA6D00054519E /* Project object */ = {
			isa = PBXProject;
			attributes = {
				BuildIndependentTargetsInParallel = 1;
				LastSwiftUpdateCheck = 1430;
				LastUpgradeCheck = 1430;
				TargetAttributes = {
					D970AD692A2DA6D00054519E = {
						CreatedOnToolsVersion = 14.3;
					};
					D970AD7F2A2DA6D00054519E = {
						CreatedOnToolsVersion = 14.3;
						TestTargetID = D970AD692A2DA6D00054519E;
					};
					D970AD892A2DA6D00054519E = {
						CreatedOnToolsVersion = 14.3;
						TestTargetID = D970AD692A2DA6D00054519E;
					};
				};
			};
			buildConfigurationList = D970AD652A2DA6D00054519E /* Build configuration list for PBXProject "BTCApp" */;
			compatibilityVersion = "Xcode 14.0";
			developmentRegion = en;
			hasScannedForEncodings = 0;
			knownRegions = (
				en,
				Base,
			);
			mainGroup = D970AD612A2DA6D00054519E;
			productRefGroup = D970AD6B2A2DA6D00054519E /* Products */;
			projectDirPath = "";
			projectRoot = "";
			targets = (
				D970AD692A2DA6D00054519E /* BTCApp */,
				D970AD7F2A2DA6D00054519E /* BTCAppTests */,
				D970AD892A2DA6D00054519E /* BTCAppUITests */,
			);
		};
/* End PBXProject section */

/* Begin PBXResourcesBuildPhase section */
		D970AD682A2DA6D00054519E /* Resources */ = {
			isa = PBXResourcesBuildPhase;
			buildActionMask = 2147483647;
			files = (
				D970ADAE2A2E364F0054519E /* HistoryCurrencyTableViewCell.xib in Resources */,
				D970AD7A2A2DA6D00054519E /* LaunchScreen.storyboard in Resources */,
				D970ADA92A2DDDCB0054519E /* Btc.storyboard in Resources */,
				D970AD772A2DA6D00054519E /* Assets.xcassets in Resources */,
				D970ADA72A2DDDAC0054519E /* HistoryCurrency.storyboard in Resources */,
				D970AD752A2DA6D00054519E /* Main.storyboard in Resources */,
			);
			runOnlyForDeploymentPostprocessing = 0;
		};
		D970AD7E2A2DA6D00054519E /* Resources */ = {
			isa = PBXResourcesBuildPhase;
			buildActionMask = 2147483647;
			files = (
			);
			runOnlyForDeploymentPostprocessing = 0;
		};
		D970AD882A2DA6D00054519E /* Resources */ = {
			isa = PBXResourcesBuildPhase;
			buildActionMask = 2147483647;
			files = (
			);
			runOnlyForDeploymentPostprocessing = 0;
		};
/* End PBXResourcesBuildPhase section */

/* Begin PBXShellScriptBuildPhase section */
		089583FD3E1ED391B52D68A0 /* [CP] Embed Pods Frameworks */ = {
			isa = PBXShellScriptBuildPhase;
			buildActionMask = 2147483647;
			files = (
			);
			inputFileListPaths = (
				"${PODS_ROOT}/Target Support Files/Pods-BTCApp-BTCAppUITests/Pods-BTCApp-BTCAppUITests-frameworks-${CONFIGURATION}-input-files.xcfilelist",
			);
			name = "[CP] Embed Pods Frameworks";
			outputFileListPaths = (
				"${PODS_ROOT}/Target Support Files/Pods-BTCApp-BTCAppUITests/Pods-BTCApp-BTCAppUITests-frameworks-${CONFIGURATION}-output-files.xcfilelist",
			);
			runOnlyForDeploymentPostprocessing = 0;
			shellPath = /bin/sh;
			shellScript = "\"${PODS_ROOT}/Target Support Files/Pods-BTCApp-BTCAppUITests/Pods-BTCApp-BTCAppUITests-frameworks.sh\"\n";
			showEnvVarsInLog = 0;
		};
		5409B3DC4E4C18E711CE76B5 /* [CP] Check Pods Manifest.lock */ = {
			isa = PBXShellScriptBuildPhase;
			buildActionMask = 2147483647;
			files = (
			);
			inputFileListPaths = (
			);
			inputPaths = (
				"${PODS_PODFILE_DIR_PATH}/Podfile.lock",
				"${PODS_ROOT}/Manifest.lock",
			);
			name = "[CP] Check Pods Manifest.lock";
			outputFileListPaths = (
			);
			outputPaths = (
				"$(DERIVED_FILE_DIR)/Pods-BTCApp-checkManifestLockResult.txt",
			);
			runOnlyForDeploymentPostprocessing = 0;
			shellPath = /bin/sh;
			shellScript = "diff \"${PODS_PODFILE_DIR_PATH}/Podfile.lock\" \"${PODS_ROOT}/Manifest.lock\" > /dev/null\nif [ $? != 0 ] ; then\n    # print error to STDERR\n    echo \"error: The sandbox is not in sync with the Podfile.lock. Run 'pod install' or update your CocoaPods installation.\" >&2\n    exit 1\nfi\n# This output is used by Xcode 'outputs' to avoid re-running this script phase.\necho \"SUCCESS\" > \"${SCRIPT_OUTPUT_FILE_0}\"\n";
			showEnvVarsInLog = 0;
		};
		88BE1D47E38F29F2569CD0E4 /* [CP] Embed Pods Frameworks */ = {
			isa = PBXShellScriptBuildPhase;
			buildActionMask = 2147483647;
			files = (
			);
			inputFileListPaths = (
				"${PODS_ROOT}/Target Support Files/Pods-BTCApp/Pods-BTCApp-frameworks-${CONFIGURATION}-input-files.xcfilelist",
			);
			name = "[CP] Embed Pods Frameworks";
			outputFileListPaths = (
				"${PODS_ROOT}/Target Support Files/Pods-BTCApp/Pods-BTCApp-frameworks-${CONFIGURATION}-output-files.xcfilelist",
			);
			runOnlyForDeploymentPostprocessing = 0;
			shellPath = /bin/sh;
			shellScript = "\"${PODS_ROOT}/Target Support Files/Pods-BTCApp/Pods-BTCApp-frameworks.sh\"\n";
			showEnvVarsInLog = 0;
		};
		AED279C9983E2C290AEC0AF0 /* [CP] Check Pods Manifest.lock */ = {
			isa = PBXShellScriptBuildPhase;
			buildActionMask = 2147483647;
			files = (
			);
			inputFileListPaths = (
			);
			inputPaths = (
				"${PODS_PODFILE_DIR_PATH}/Podfile.lock",
				"${PODS_ROOT}/Manifest.lock",
			);
			name = "[CP] Check Pods Manifest.lock";
			outputFileListPaths = (
			);
			outputPaths = (
				"$(DERIVED_FILE_DIR)/Pods-BTCAppTests-checkManifestLockResult.txt",
			);
			runOnlyForDeploymentPostprocessing = 0;
			shellPath = /bin/sh;
			shellScript = "diff \"${PODS_PODFILE_DIR_PATH}/Podfile.lock\" \"${PODS_ROOT}/Manifest.lock\" > /dev/null\nif [ $? != 0 ] ; then\n    # print error to STDERR\n    echo \"error: The sandbox is not in sync with the Podfile.lock. Run 'pod install' or update your CocoaPods installation.\" >&2\n    exit 1\nfi\n# This output is used by Xcode 'outputs' to avoid re-running this script phase.\necho \"SUCCESS\" > \"${SCRIPT_OUTPUT_FILE_0}\"\n";
			showEnvVarsInLog = 0;
		};
		FB506EF6162F3DFCB45A71AD /* [CP] Check Pods Manifest.lock */ = {
			isa = PBXShellScriptBuildPhase;
			buildActionMask = 2147483647;
			files = (
			);
			inputFileListPaths = (
			);
			inputPaths = (
				"${PODS_PODFILE_DIR_PATH}/Podfile.lock",
				"${PODS_ROOT}/Manifest.lock",
			);
			name = "[CP] Check Pods Manifest.lock";
			outputFileListPaths = (
			);
			outputPaths = (
				"$(DERIVED_FILE_DIR)/Pods-BTCApp-BTCAppUITests-checkManifestLockResult.txt",
			);
			runOnlyForDeploymentPostprocessing = 0;
			shellPath = /bin/sh;
			shellScript = "diff \"${PODS_PODFILE_DIR_PATH}/Podfile.lock\" \"${PODS_ROOT}/Manifest.lock\" > /dev/null\nif [ $? != 0 ] ; then\n    # print error to STDERR\n    echo \"error: The sandbox is not in sync with the Podfile.lock. Run 'pod install' or update your CocoaPods installation.\" >&2\n    exit 1\nfi\n# This output is used by Xcode 'outputs' to avoid re-running this script phase.\necho \"SUCCESS\" > \"${SCRIPT_OUTPUT_FILE_0}\"\n";
			showEnvVarsInLog = 0;
		};
/* End PBXShellScriptBuildPhase section */

/* Begin PBXSourcesBuildPhase section */
		D970AD662A2DA6D00054519E /* Sources */ = {
			isa = PBXSourcesBuildPhase;
			buildActionMask = 2147483647;
			files = (
				D970ADA52A2DDD980054519E /* HistoryCurrencyViewModel.swift in Sources */,
				D970ADA32A2DDD840054519E /* HistoryCurrencyViewController.swift in Sources */,
				D970AD722A2DA6D00054519E /* BtcViewController.swift in Sources */,
				D970AD6E2A2DA6D00054519E /* AppDelegate.swift in Sources */,
				D970ADAD2A2E364F0054519E /* HistoryCurrencyTableViewCell.swift in Sources */,
				D970AD702A2DA6D00054519E /* SceneDelegate.swift in Sources */,
				D970ADA02A2DAF260054519E /* BtcViewModel.swift in Sources */,
			);
			runOnlyForDeploymentPostprocessing = 0;
		};
		D970AD7C2A2DA6D00054519E /* Sources */ = {
			isa = PBXSourcesBuildPhase;
			buildActionMask = 2147483647;
			files = (
				D970AD852A2DA6D00054519E /* BTCAppTests.swift in Sources */,
			);
			runOnlyForDeploymentPostprocessing = 0;
		};
		D970AD862A2DA6D00054519E /* Sources */ = {
			isa = PBXSourcesBuildPhase;
			buildActionMask = 2147483647;
			files = (
				D970AD912A2DA6D00054519E /* BTCAppUITestsLaunchTests.swift in Sources */,
				D970AD8F2A2DA6D00054519E /* BTCAppUITests.swift in Sources */,
			);
			runOnlyForDeploymentPostprocessing = 0;
		};
/* End PBXSourcesBuildPhase section */

/* Begin PBXTargetDependency section */
		D970AD822A2DA6D00054519E /* PBXTargetDependency */ = {
			isa = PBXTargetDependency;
			target = D970AD692A2DA6D00054519E /* BTCApp */;
			targetProxy = D970AD812A2DA6D00054519E /* PBXContainerItemProxy */;
		};
		D970AD8C2A2DA6D00054519E /* PBXTargetDependency */ = {
			isa = PBXTargetDependency;
			target = D970AD692A2DA6D00054519E /* BTCApp */;
			targetProxy = D970AD8B2A2DA6D00054519E /* PBXContainerItemProxy */;
		};
/* End PBXTargetDependency section */

/* Begin PBXVariantGroup section */
		D970AD732A2DA6D00054519E /* Main.storyboard */ = {
			isa = PBXVariantGroup;
			children = (
				D970AD742A2DA6D00054519E /* Base */,
			);
			name = Main.storyboard;
			sourceTree = "<group>";
		};
		D970AD782A2DA6D00054519E /* LaunchScreen.storyboard */ = {
			isa = PBXVariantGroup;
			children = (
				D970AD792A2DA6D00054519E /* Base */,
			);
			name = LaunchScreen.storyboard;
			sourceTree = "<group>";
		};
/* End PBXVariantGroup section */

/* Begin XCBuildConfiguration section */
		D970AD922A2DA6D00054519E /* Debug */ = {
			isa = XCBuildConfiguration;
			buildSettings = {
				ALWAYS_SEARCH_USER_PATHS = NO;
				CLANG_ANALYZER_NONNULL = YES;
				CLANG_ANALYZER_NUMBER_OBJECT_CONVERSION = YES_AGGRESSIVE;
				CLANG_CXX_LANGUAGE_STANDARD = "gnu++20";
				CLANG_ENABLE_MODULES = YES;
				CLANG_ENABLE_OBJC_ARC = YES;
				CLANG_ENABLE_OBJC_WEAK = YES;
				CLANG_WARN_BLOCK_CAPTURE_AUTORELEASING = YES;
				CLANG_WARN_BOOL_CONVERSION = YES;
				CLANG_WARN_COMMA = YES;
				CLANG_WARN_CONSTANT_CONVERSION = YES;
				CLANG_WARN_DEPRECATED_OBJC_IMPLEMENTATIONS = YES;
				CLANG_WARN_DIRECT_OBJC_ISA_USAGE = YES_ERROR;
				CLANG_WARN_DOCUMENTATION_COMMENTS = YES;
				CLANG_WARN_EMPTY_BODY = YES;
				CLANG_WARN_ENUM_CONVERSION = YES;
				CLANG_WARN_INFINITE_RECURSION = YES;
				CLANG_WARN_INT_CONVERSION = YES;
				CLANG_WARN_NON_LITERAL_NULL_CONVERSION = YES;
				CLANG_WARN_OBJC_IMPLICIT_RETAIN_SELF = YES;
				CLANG_WARN_OBJC_LITERAL_CONVERSION = YES;
				CLANG_WARN_OBJC_ROOT_CLASS = YES_ERROR;
				CLANG_WARN_QUOTED_INCLUDE_IN_FRAMEWORK_HEADER = YES;
				CLANG_WARN_RANGE_LOOP_ANALYSIS = YES;
				CLANG_WARN_STRICT_PROTOTYPES = YES;
				CLANG_WARN_SUSPICIOUS_MOVE = YES;
				CLANG_WARN_UNGUARDED_AVAILABILITY = YES_AGGRESSIVE;
				CLANG_WARN_UNREACHABLE_CODE = YES;
				CLANG_WARN__DUPLICATE_METHOD_MATCH = YES;
				COPY_PHASE_STRIP = NO;
				DEBUG_INFORMATION_FORMAT = dwarf;
				ENABLE_STRICT_OBJC_MSGSEND = YES;
				ENABLE_TESTABILITY = YES;
				GCC_C_LANGUAGE_STANDARD = gnu11;
				GCC_DYNAMIC_NO_PIC = NO;
				GCC_NO_COMMON_BLOCKS = YES;
				GCC_OPTIMIZATION_LEVEL = 0;
				GCC_PREPROCESSOR_DEFINITIONS = (
					"DEBUG=1",
					"$(inherited)",
				);
				GCC_WARN_64_TO_32_BIT_CONVERSION = YES;
				GCC_WARN_ABOUT_RETURN_TYPE = YES_ERROR;
				GCC_WARN_UNDECLARED_SELECTOR = YES;
				GCC_WARN_UNINITIALIZED_AUTOS = YES_AGGRESSIVE;
				GCC_WARN_UNUSED_FUNCTION = YES;
				GCC_WARN_UNUSED_VARIABLE = YES;
				IPHONEOS_DEPLOYMENT_TARGET = 16.4;
				MTL_ENABLE_DEBUG_INFO = INCLUDE_SOURCE;
				MTL_FAST_MATH = YES;
				ONLY_ACTIVE_ARCH = YES;
				SDKROOT = iphoneos;
				SWIFT_ACTIVE_COMPILATION_CONDITIONS = DEBUG;
				SWIFT_OPTIMIZATION_LEVEL = "-Onone";
			};
			name = Debug;
		};
		D970AD932A2DA6D00054519E /* Release */ = {
			isa = XCBuildConfiguration;
			buildSettings = {
				ALWAYS_SEARCH_USER_PATHS = NO;
				CLANG_ANALYZER_NONNULL = YES;
				CLANG_ANALYZER_NUMBER_OBJECT_CONVERSION = YES_AGGRESSIVE;
				CLANG_CXX_LANGUAGE_STANDARD = "gnu++20";
				CLANG_ENABLE_MODULES = YES;
				CLANG_ENABLE_OBJC_ARC = YES;
				CLANG_ENABLE_OBJC_WEAK = YES;
				CLANG_WARN_BLOCK_CAPTURE_AUTORELEASING = YES;
				CLANG_WARN_BOOL_CONVERSION = YES;
				CLANG_WARN_COMMA = YES;
				CLANG_WARN_CONSTANT_CONVERSION = YES;
				CLANG_WARN_DEPRECATED_OBJC_IMPLEMENTATIONS = YES;
				CLANG_WARN_DIRECT_OBJC_ISA_USAGE = YES_ERROR;
				CLANG_WARN_DOCUMENTATION_COMMENTS = YES;
				CLANG_WARN_EMPTY_BODY = YES;
				CLANG_WARN_ENUM_CONVERSION = YES;
				CLANG_WARN_INFINITE_RECURSION = YES;
				CLANG_WARN_INT_CONVERSION = YES;
				CLANG_WARN_NON_LITERAL_NULL_CONVERSION = YES;
				CLANG_WARN_OBJC_IMPLICIT_RETAIN_SELF = YES;
				CLANG_WARN_OBJC_LITERAL_CONVERSION = YES;
				CLANG_WARN_OBJC_ROOT_CLASS = YES_ERROR;
				CLANG_WARN_QUOTED_INCLUDE_IN_FRAMEWORK_HEADER = YES;
				CLANG_WARN_RANGE_LOOP_ANALYSIS = YES;
				CLANG_WARN_STRICT_PROTOTYPES = YES;
				CLANG_WARN_SUSPICIOUS_MOVE = YES;
				CLANG_WARN_UNGUARDED_AVAILABILITY = YES_AGGRESSIVE;
				CLANG_WARN_UNREACHABLE_CODE = YES;
				CLANG_WARN__DUPLICATE_METHOD_MATCH = YES;
				COPY_PHASE_STRIP = NO;
				DEBUG_INFORMATION_FORMAT = "dwarf-with-dsym";
				ENABLE_NS_ASSERTIONS = NO;
				ENABLE_STRICT_OBJC_MSGSEND = YES;
				GCC_C_LANGUAGE_STANDARD = gnu11;
				GCC_NO_COMMON_BLOCKS = YES;
				GCC_WARN_64_TO_32_BIT_CONVERSION = YES;
				GCC_WARN_ABOUT_RETURN_TYPE = YES_ERROR;
				GCC_WARN_UNDECLARED_SELECTOR = YES;
				GCC_WARN_UNINITIALIZED_AUTOS = YES_AGGRESSIVE;
				GCC_WARN_UNUSED_FUNCTION = YES;
				GCC_WARN_UNUSED_VARIABLE = YES;
				IPHONEOS_DEPLOYMENT_TARGET = 16.4;
				MTL_ENABLE_DEBUG_INFO = NO;
				MTL_FAST_MATH = YES;
				SDKROOT = iphoneos;
				SWIFT_COMPILATION_MODE = wholemodule;
				SWIFT_OPTIMIZATION_LEVEL = "-O";
				VALIDATE_PRODUCT = YES;
			};
			name = Release;
		};
		D970AD952A2DA6D00054519E /* Debug */ = {
			isa = XCBuildConfiguration;
			baseConfigurationReference = 3BE545CF10A4AE9C56BAB1B9 /* Pods-BTCApp.debug.xcconfig */;
			buildSettings = {
				ASSETCATALOG_COMPILER_APPICON_NAME = AppIcon;
				ASSETCATALOG_COMPILER_GLOBAL_ACCENT_COLOR_NAME = AccentColor;
				CODE_SIGN_STYLE = Automatic;
				CURRENT_PROJECT_VERSION = 1;
				DEVELOPMENT_TEAM = S723YCT5MN;
				GENERATE_INFOPLIST_FILE = YES;
				INFOPLIST_FILE = BTCApp/Info.plist;
				INFOPLIST_KEY_UIApplicationSupportsIndirectInputEvents = YES;
				INFOPLIST_KEY_UILaunchStoryboardName = Btc.storyboard;
				INFOPLIST_KEY_UIMainStoryboardFile = Main;
				INFOPLIST_KEY_UISupportedInterfaceOrientations_iPad = "UIInterfaceOrientationPortrait UIInterfaceOrientationPortraitUpsideDown UIInterfaceOrientationLandscapeLeft UIInterfaceOrientationLandscapeRight";
				INFOPLIST_KEY_UISupportedInterfaceOrientations_iPhone = "UIInterfaceOrientationPortrait UIInterfaceOrientationLandscapeLeft UIInterfaceOrientationLandscapeRight";
				LD_RUNPATH_SEARCH_PATHS = (
					"$(inherited)",
					"@executable_path/Frameworks",
				);
				MARKETING_VERSION = 1.0;
				PRODUCT_BUNDLE_IDENTIFIER = yok.BTCApp;
				PRODUCT_NAME = "$(TARGET_NAME)";
				SWIFT_EMIT_LOC_STRINGS = YES;
				SWIFT_VERSION = 5.0;
				TARGETED_DEVICE_FAMILY = "1,2";
			};
			name = Debug;
		};
		D970AD962A2DA6D00054519E /* Release */ = {
			isa = XCBuildConfiguration;
			baseConfigurationReference = 0FCE5D81D7DD1DA52D71538A /* Pods-BTCApp.release.xcconfig */;
			buildSettings = {
				ASSETCATALOG_COMPILER_APPICON_NAME = AppIcon;
				ASSETCATALOG_COMPILER_GLOBAL_ACCENT_COLOR_NAME = AccentColor;
				CODE_SIGN_STYLE = Automatic;
				CURRENT_PROJECT_VERSION = 1;
				DEVELOPMENT_TEAM = S723YCT5MN;
				GENERATE_INFOPLIST_FILE = YES;
				INFOPLIST_FILE = BTCApp/Info.plist;
				INFOPLIST_KEY_UIApplicationSupportsIndirectInputEvents = YES;
				INFOPLIST_KEY_UILaunchStoryboardName = Btc.storyboard;
				INFOPLIST_KEY_UIMainStoryboardFile = Main;
				INFOPLIST_KEY_UISupportedInterfaceOrientations_iPad = "UIInterfaceOrientationPortrait UIInterfaceOrientationPortraitUpsideDown UIInterfaceOrientationLandscapeLeft UIInterfaceOrientationLandscapeRight";
				INFOPLIST_KEY_UISupportedInterfaceOrientations_iPhone = "UIInterfaceOrientationPortrait UIInterfaceOrientationLandscapeLeft UIInterfaceOrientationLandscapeRight";
				LD_RUNPATH_SEARCH_PATHS = (
					"$(inherited)",
					"@executable_path/Frameworks",
				);
				MARKETING_VERSION = 1.0;
				PRODUCT_BUNDLE_IDENTIFIER = yok.BTCApp;
				PRODUCT_NAME = "$(TARGET_NAME)";
				SWIFT_EMIT_LOC_STRINGS = YES;
				SWIFT_VERSION = 5.0;
				TARGETED_DEVICE_FAMILY = "1,2";
			};
			name = Release;
		};
		D970AD982A2DA6D00054519E /* Debug */ = {
			isa = XCBuildConfiguration;
			baseConfigurationReference = 3DAC00E2214A656A5AD5D60A /* Pods-BTCAppTests.debug.xcconfig */;
			buildSettings = {
				ALWAYS_EMBED_SWIFT_STANDARD_LIBRARIES = YES;
				BUNDLE_LOADER = "$(TEST_HOST)";
				CODE_SIGN_STYLE = Automatic;
				CURRENT_PROJECT_VERSION = 1;
				DEVELOPMENT_TEAM = S723YCT5MN;
				GENERATE_INFOPLIST_FILE = YES;
				IPHONEOS_DEPLOYMENT_TARGET = 16.4;
				MARKETING_VERSION = 1.0;
				PRODUCT_BUNDLE_IDENTIFIER = yok.BTCAppTests;
				PRODUCT_NAME = "$(TARGET_NAME)";
				SWIFT_EMIT_LOC_STRINGS = NO;
				SWIFT_VERSION = 5.0;
				TARGETED_DEVICE_FAMILY = "1,2";
				TEST_HOST = "$(BUILT_PRODUCTS_DIR)/BTCApp.app/$(BUNDLE_EXECUTABLE_FOLDER_PATH)/BTCApp";
			};
			name = Debug;
		};
		D970AD992A2DA6D00054519E /* Release */ = {
			isa = XCBuildConfiguration;
			baseConfigurationReference = 447AC6E01729765534B5D51E /* Pods-BTCAppTests.release.xcconfig */;
			buildSettings = {
				ALWAYS_EMBED_SWIFT_STANDARD_LIBRARIES = YES;
				BUNDLE_LOADER = "$(TEST_HOST)";
				CODE_SIGN_STYLE = Automatic;
				CURRENT_PROJECT_VERSION = 1;
				DEVELOPMENT_TEAM = S723YCT5MN;
				GENERATE_INFOPLIST_FILE = YES;
				IPHONEOS_DEPLOYMENT_TARGET = 16.4;
				MARKETING_VERSION = 1.0;
				PRODUCT_BUNDLE_IDENTIFIER = yok.BTCAppTests;
				PRODUCT_NAME = "$(TARGET_NAME)";
				SWIFT_EMIT_LOC_STRINGS = NO;
				SWIFT_VERSION = 5.0;
				TARGETED_DEVICE_FAMILY = "1,2";
				TEST_HOST = "$(BUILT_PRODUCTS_DIR)/BTCApp.app/$(BUNDLE_EXECUTABLE_FOLDER_PATH)/BTCApp";
			};
			name = Release;
		};
		D970AD9B2A2DA6D00054519E /* Debug */ = {
			isa = XCBuildConfiguration;
			baseConfigurationReference = 4E2E4B587318B1F03CE0A77F /* Pods-BTCApp-BTCAppUITests.debug.xcconfig */;
			buildSettings = {
				ALWAYS_EMBED_SWIFT_STANDARD_LIBRARIES = YES;
				CODE_SIGN_STYLE = Automatic;
				CURRENT_PROJECT_VERSION = 1;
				DEVELOPMENT_TEAM = S723YCT5MN;
				GENERATE_INFOPLIST_FILE = YES;
				MARKETING_VERSION = 1.0;
				PRODUCT_BUNDLE_IDENTIFIER = yok.BTCAppUITests;
				PRODUCT_NAME = "$(TARGET_NAME)";
				SWIFT_EMIT_LOC_STRINGS = NO;
				SWIFT_VERSION = 5.0;
				TARGETED_DEVICE_FAMILY = "1,2";
				TEST_TARGET_NAME = BTCApp;
			};
			name = Debug;
		};
		D970AD9C2A2DA6D00054519E /* Release */ = {
			isa = XCBuildConfiguration;
			baseConfigurationReference = F61CFE78433C0149FA792D47 /* Pods-BTCApp-BTCAppUITests.release.xcconfig */;
			buildSettings = {
				ALWAYS_EMBED_SWIFT_STANDARD_LIBRARIES = YES;
				CODE_SIGN_STYLE = Automatic;
				CURRENT_PROJECT_VERSION = 1;
				DEVELOPMENT_TEAM = S723YCT5MN;
				GENERATE_INFOPLIST_FILE = YES;
				MARKETING_VERSION = 1.0;
				PRODUCT_BUNDLE_IDENTIFIER = yok.BTCAppUITests;
				PRODUCT_NAME = "$(TARGET_NAME)";
				SWIFT_EMIT_LOC_STRINGS = NO;
				SWIFT_VERSION = 5.0;
				TARGETED_DEVICE_FAMILY = "1,2";
				TEST_TARGET_NAME = BTCApp;
			};
			name = Release;
		};
/* End XCBuildConfiguration section */

/* Begin XCConfigurationList section */
		D970AD652A2DA6D00054519E /* Build configuration list for PBXProject "BTCApp" */ = {
			isa = XCConfigurationList;
			buildConfigurations = (
				D970AD922A2DA6D00054519E /* Debug */,
				D970AD932A2DA6D00054519E /* Release */,
			);
			defaultConfigurationIsVisible = 0;
			defaultConfigurationName = Release;
		};
		D970AD942A2DA6D00054519E /* Build configuration list for PBXNativeTarget "BTCApp" */ = {
			isa = XCConfigurationList;
			buildConfigurations = (
				D970AD952A2DA6D00054519E /* Debug */,
				D970AD962A2DA6D00054519E /* Release */,
			);
			defaultConfigurationIsVisible = 0;
			defaultConfigurationName = Release;
		};
		D970AD972A2DA6D00054519E /* Build configuration list for PBXNativeTarget "BTCAppTests" */ = {
			isa = XCConfigurationList;
			buildConfigurations = (
				D970AD982A2DA6D00054519E /* Debug */,
				D970AD992A2DA6D00054519E /* Release */,
			);
			defaultConfigurationIsVisible = 0;
			defaultConfigurationName = Release;
		};
		D970AD9A2A2DA6D00054519E /* Build configuration list for PBXNativeTarget "BTCAppUITests" */ = {
			isa = XCConfigurationList;
			buildConfigurations = (
				D970AD9B2A2DA6D00054519E /* Debug */,
				D970AD9C2A2DA6D00054519E /* Release */,
			);
			defaultConfigurationIsVisible = 0;
			defaultConfigurationName = Release;
		};
/* End XCConfigurationList section */
	};
	rootObject = D970AD622A2DA6D00054519E /* Project object */;
}
